// !$*UTF8*$!
{
	archiveVersion = 1;
	classes = {
	};
	objectVersion = 55;
	objects = {

/* Begin PBXBuildFile section */
		5B800477281A049700A06587 /* MathKidzApp.swift in Sources */ = {isa = PBXBuildFile; fileRef = 5B800476281A049700A06587 /* MathKidzApp.swift */; };
		5B800479281A049700A06587 /* ContentView.swift in Sources */ = {isa = PBXBuildFile; fileRef = 5B800478281A049700A06587 /* ContentView.swift */; };
		5B80047B281A049900A06587 /* Assets.xcassets in Resources */ = {isa = PBXBuildFile; fileRef = 5B80047A281A049900A06587 /* Assets.xcassets */; };
		5B80047E281A049900A06587 /* Preview Assets.xcassets in Resources */ = {isa = PBXBuildFile; fileRef = 5B80047D281A049900A06587 /* Preview Assets.xcassets */; };
		5B800485281A099F00A06587 /* subjectDifficultyAddition.swift in Sources */ = {isa = PBXBuildFile; fileRef = 5B800484281A099F00A06587 /* subjectDifficultyAddition.swift */; };
		5B800487281A09B800A06587 /* subjectDifficultySubtraction.swift in Sources */ = {isa = PBXBuildFile; fileRef = 5B800486281A09B800A06587 /* subjectDifficultySubtraction.swift */; };
		5B800489281A09DA00A06587 /* subjectDifficultyMultiplication.swift in Sources */ = {isa = PBXBuildFile; fileRef = 5B800488281A09DA00A06587 /* subjectDifficultyMultiplication.swift */; };
		5B80048B281A09FA00A06587 /* subjectDifficultyDivision.swift in Sources */ = {isa = PBXBuildFile; fileRef = 5B80048A281A09FA00A06587 /* subjectDifficultyDivision.swift */; };
		5B800490281A0A8700A06587 /* additionEasy.swift in Sources */ = {isa = PBXBuildFile; fileRef = 5B80048F281A0A8700A06587 /* additionEasy.swift */; };
		5B800492281A0A9400A06587 /* additionMedium.swift in Sources */ = {isa = PBXBuildFile; fileRef = 5B800491281A0A9400A06587 /* additionMedium.swift */; };
		5B800494281A0AA400A06587 /* additionHard.swift in Sources */ = {isa = PBXBuildFile; fileRef = 5B800493281A0AA400A06587 /* additionHard.swift */; };
		5B800499281A0B0B00A06587 /* subtractionEasy.swift in Sources */ = {isa = PBXBuildFile; fileRef = 5B800498281A0B0B00A06587 /* subtractionEasy.swift */; };
		5B80049B281A0B7A00A06587 /* subtractionMedium.swift in Sources */ = {isa = PBXBuildFile; fileRef = 5B80049A281A0B7A00A06587 /* subtractionMedium.swift */; };
		5B80049D281A0B8500A06587 /* subtractionHard.swift in Sources */ = {isa = PBXBuildFile; fileRef = 5B80049C281A0B8500A06587 /* subtractionHard.swift */; };
		5B80049F281A0BA900A06587 /* multiplicationEasy.swift in Sources */ = {isa = PBXBuildFile; fileRef = 5B80049E281A0BA900A06587 /* multiplicationEasy.swift */; };
		5B8004A1281A0BC000A06587 /* multiplicationMedium.swift in Sources */ = {isa = PBXBuildFile; fileRef = 5B8004A0281A0BC000A06587 /* multiplicationMedium.swift */; };
		5B8004A3281A0BCC00A06587 /* multiplicationHard.swift in Sources */ = {isa = PBXBuildFile; fileRef = 5B8004A2281A0BCC00A06587 /* multiplicationHard.swift */; };
		5B8004A5281A0BD700A06587 /* divisionEasy.swift in Sources */ = {isa = PBXBuildFile; fileRef = 5B8004A4281A0BD700A06587 /* divisionEasy.swift */; };
		5B8004A7281A0BE300A06587 /* divisionMedium.swift in Sources */ = {isa = PBXBuildFile; fileRef = 5B8004A6281A0BE300A06587 /* divisionMedium.swift */; };
		5B8004A9281A0BFA00A06587 /* divisionHard.swift in Sources */ = {isa = PBXBuildFile; fileRef = 5B8004A8281A0BFA00A06587 /* divisionHard.swift */; };
/* End PBXBuildFile section */

/* Begin PBXFileReference section */
		5B800473281A049700A06587 /* MathKidz.app */ = {isa = PBXFileReference; explicitFileType = wrapper.application; includeInIndex = 0; path = MathKidz.app; sourceTree = BUILT_PRODUCTS_DIR; };
		5B800476281A049700A06587 /* MathKidzApp.swift */ = {isa = PBXFileReference; lastKnownFileType = sourcecode.swift; path = MathKidzApp.swift; sourceTree = "<group>"; };
		5B800478281A049700A06587 /* ContentView.swift */ = {isa = PBXFileReference; lastKnownFileType = sourcecode.swift; path = ContentView.swift; sourceTree = "<group>"; };
		5B80047A281A049900A06587 /* Assets.xcassets */ = {isa = PBXFileReference; lastKnownFileType = folder.assetcatalog; path = Assets.xcassets; sourceTree = "<group>"; };
		5B80047D281A049900A06587 /* Preview Assets.xcassets */ = {isa = PBXFileReference; lastKnownFileType = folder.assetcatalog; path = "Preview Assets.xcassets"; sourceTree = "<group>"; };
		5B800484281A099F00A06587 /* subjectDifficultyAddition.swift */ = {isa = PBXFileReference; lastKnownFileType = sourcecode.swift; path = subjectDifficultyAddition.swift; sourceTree = "<group>"; };
		5B800486281A09B800A06587 /* subjectDifficultySubtraction.swift */ = {isa = PBXFileReference; lastKnownFileType = sourcecode.swift; path = subjectDifficultySubtraction.swift; sourceTree = "<group>"; };
		5B800488281A09DA00A06587 /* subjectDifficultyMultiplication.swift */ = {isa = PBXFileReference; lastKnownFileType = sourcecode.swift; path = subjectDifficultyMultiplication.swift; sourceTree = "<group>"; };
		5B80048A281A09FA00A06587 /* subjectDifficultyDivision.swift */ = {isa = PBXFileReference; lastKnownFileType = sourcecode.swift; path = subjectDifficultyDivision.swift; sourceTree = "<group>"; };
		5B80048F281A0A8700A06587 /* additionEasy.swift */ = {isa = PBXFileReference; lastKnownFileType = sourcecode.swift; path = additionEasy.swift; sourceTree = "<group>"; };
		5B800491281A0A9400A06587 /* additionMedium.swift */ = {isa = PBXFileReference; lastKnownFileType = sourcecode.swift; path = additionMedium.swift; sourceTree = "<group>"; };
		5B800493281A0AA400A06587 /* additionHard.swift */ = {isa = PBXFileReference; lastKnownFileType = sourcecode.swift; path = additionHard.swift; sourceTree = "<group>"; };
		5B800498281A0B0B00A06587 /* subtractionEasy.swift */ = {isa = PBXFileReference; lastKnownFileType = sourcecode.swift; path = subtractionEasy.swift; sourceTree = "<group>"; };
		5B80049A281A0B7A00A06587 /* subtractionMedium.swift */ = {isa = PBXFileReference; lastKnownFileType = sourcecode.swift; path = subtractionMedium.swift; sourceTree = "<group>"; };
		5B80049C281A0B8500A06587 /* subtractionHard.swift */ = {isa = PBXFileReference; lastKnownFileType = sourcecode.swift; path = subtractionHard.swift; sourceTree = "<group>"; };
		5B80049E281A0BA900A06587 /* multiplicationEasy.swift */ = {isa = PBXFileReference; lastKnownFileType = sourcecode.swift; path = multiplicationEasy.swift; sourceTree = "<group>"; };
		5B8004A0281A0BC000A06587 /* multiplicationMedium.swift */ = {isa = PBXFileReference; lastKnownFileType = sourcecode.swift; path = multiplicationMedium.swift; sourceTree = "<group>"; };
		5B8004A2281A0BCC00A06587 /* multiplicationHard.swift */ = {isa = PBXFileReference; lastKnownFileType = sourcecode.swift; path = multiplicationHard.swift; sourceTree = "<group>"; };
		5B8004A4281A0BD700A06587 /* divisionEasy.swift */ = {isa = PBXFileReference; lastKnownFileType = sourcecode.swift; path = divisionEasy.swift; sourceTree = "<group>"; };
		5B8004A6281A0BE300A06587 /* divisionMedium.swift */ = {isa = PBXFileReference; lastKnownFileType = sourcecode.swift; path = divisionMedium.swift; sourceTree = "<group>"; };
		5B8004A8281A0BFA00A06587 /* divisionHard.swift */ = {isa = PBXFileReference; lastKnownFileType = sourcecode.swift; path = divisionHard.swift; sourceTree = "<group>"; };
/* End PBXFileReference section */

/* Begin PBXFrameworksBuildPhase section */
		5B800470281A049700A06587 /* Frameworks */ = {
			isa = PBXFrameworksBuildPhase;
			buildActionMask = 2147483647;
			files = (
			);
			runOnlyForDeploymentPostprocessing = 0;
		};
/* End PBXFrameworksBuildPhase section */

/* Begin PBXGroup section */
		5B80046A281A049700A06587 = {
			isa = PBXGroup;
			children = (
				5B800475281A049700A06587 /* MathKidz */,
				5B800474281A049700A06587 /* Products */,
			);
			sourceTree = "<group>";
		};
		5B800474281A049700A06587 /* Products */ = {
			isa = PBXGroup;
			children = (
				5B800473281A049700A06587 /* MathKidz.app */,
			);
			name = Products;
			sourceTree = "<group>";
		};
		5B800475281A049700A06587 /* MathKidz */ = {
			isa = PBXGroup;
			children = (
				5B800476281A049700A06587 /* MathKidzApp.swift */,
				5B80047A281A049900A06587 /* Assets.xcassets */,
				5B80047C281A049900A06587 /* Preview Content */,
				5B80048C281A0A1E00A06587 /* Views */,
			);
			path = MathKidz;
			sourceTree = "<group>";
		};
		5B80047C281A049900A06587 /* Preview Content */ = {
			isa = PBXGroup;
			children = (
				5B80047D281A049900A06587 /* Preview Assets.xcassets */,
			);
			path = "Preview Content";
			sourceTree = "<group>";
		};
		5B80048C281A0A1E00A06587 /* Views */ = {
			isa = PBXGroup;
			children = (
				5B800478281A049700A06587 /* ContentView.swift */,
				5B80048E281A0A6C00A06587 /* additionViews */,
				5B800495281A0ABB00A06587 /* subtractionViews */,
				5B800496281A0AD700A06587 /* multiplicationViews */,
				5B800497281A0AEC00A06587 /* divisionViews */,
				5B80048D281A0A2C00A06587 /* subjectDifficultyViews */,
			);
			path = Views;
			sourceTree = "<group>";
		};
		5B80048D281A0A2C00A06587 /* subjectDifficultyViews */ = {
			isa = PBXGroup;
			children = (
				5B800484281A099F00A06587 /* subjectDifficultyAddition.swift */,
				5B800486281A09B800A06587 /* subjectDifficultySubtraction.swift */,
				5B800488281A09DA00A06587 /* subjectDifficultyMultiplication.swift */,
				5B80048A281A09FA00A06587 /* subjectDifficultyDivision.swift */,
			);
			path = subjectDifficultyViews;
			sourceTree = "<group>";
		};
		5B80048E281A0A6C00A06587 /* additionViews */ = {
			isa = PBXGroup;
			children = (
				5B80048F281A0A8700A06587 /* additionEasy.swift */,
				5B800491281A0A9400A06587 /* additionMedium.swift */,
				5B800493281A0AA400A06587 /* additionHard.swift */,
			);
			path = additionViews;
			sourceTree = "<group>";
		};
		5B800495281A0ABB00A06587 /* subtractionViews */ = {
			isa = PBXGroup;
			children = (
				5B800498281A0B0B00A06587 /* subtractionEasy.swift */,
				5B80049A281A0B7A00A06587 /* subtractionMedium.swift */,
				5B80049C281A0B8500A06587 /* subtractionHard.swift */,
			);
			path = subtractionViews;
			sourceTree = "<group>";
		};
		5B800496281A0AD700A06587 /* multiplicationViews */ = {
			isa = PBXGroup;
			children = (
				5B80049E281A0BA900A06587 /* multiplicationEasy.swift */,
				5B8004A0281A0BC000A06587 /* multiplicationMedium.swift */,
				5B8004A2281A0BCC00A06587 /* multiplicationHard.swift */,
			);
			path = multiplicationViews;
			sourceTree = "<group>";
		};
		5B800497281A0AEC00A06587 /* divisionViews */ = {
			isa = PBXGroup;
			children = (
				5B8004A4281A0BD700A06587 /* divisionEasy.swift */,
				5B8004A6281A0BE300A06587 /* divisionMedium.swift */,
				5B8004A8281A0BFA00A06587 /* divisionHard.swift */,
			);
			path = divisionViews;
			sourceTree = "<group>";
		};
/* End PBXGroup section */

/* Begin PBXNativeTarget section */
		5B800472281A049700A06587 /* MathKidz */ = {
			isa = PBXNativeTarget;
			buildConfigurationList = 5B800481281A049900A06587 /* Build configuration list for PBXNativeTarget "MathKidz" */;
			buildPhases = (
				5B80046F281A049700A06587 /* Sources */,
				5B800470281A049700A06587 /* Frameworks */,
				5B800471281A049700A06587 /* Resources */,
			);
			buildRules = (
			);
			dependencies = (
			);
			name = MathKidz;
			productName = MathKidz;
			productReference = 5B800473281A049700A06587 /* MathKidz.app */;
			productType = "com.apple.product-type.application";
		};
/* End PBXNativeTarget section */

/* Begin PBXProject section */
		5B80046B281A049700A06587 /* Project object */ = {
			isa = PBXProject;
			attributes = {
				BuildIndependentTargetsInParallel = 1;
				LastSwiftUpdateCheck = 1320;
				LastUpgradeCheck = 1320;
				TargetAttributes = {
					5B800472281A049700A06587 = {
						CreatedOnToolsVersion = 13.2.1;
					};
				};
			};
			buildConfigurationList = 5B80046E281A049700A06587 /* Build configuration list for PBXProject "MathKidz" */;
			compatibilityVersion = "Xcode 13.0";
			developmentRegion = en;
			hasScannedForEncodings = 0;
			knownRegions = (
				en,
				Base,
			);
			mainGroup = 5B80046A281A049700A06587;
			productRefGroup = 5B800474281A049700A06587 /* Products */;
			projectDirPath = "";
			projectRoot = "";
			targets = (
				5B800472281A049700A06587 /* MathKidz */,
			);
		};
/* End PBXProject section */

/* Begin PBXResourcesBuildPhase section */
		5B800471281A049700A06587 /* Resources */ = {
			isa = PBXResourcesBuildPhase;
			buildActionMask = 2147483647;
			files = (
				5B80047E281A049900A06587 /* Preview Assets.xcassets in Resources */,
				5B80047B281A049900A06587 /* Assets.xcassets in Resources */,
			);
			runOnlyForDeploymentPostprocessing = 0;
		};
/* End PBXResourcesBuildPhase section */

/* Begin PBXSourcesBuildPhase section */
		5B80046F281A049700A06587 /* Sources */ = {
			isa = PBXSourcesBuildPhase;
			buildActionMask = 2147483647;
			files = (
				5B800485281A099F00A06587 /* subjectDifficultyAddition.swift in Sources */,
				5B8004A7281A0BE300A06587 /* divisionMedium.swift in Sources */,
				5B80049D281A0B8500A06587 /* subtractionHard.swift in Sources */,
				5B8004A1281A0BC000A06587 /* multiplicationMedium.swift in Sources */,
				5B800490281A0A8700A06587 /* additionEasy.swift in Sources */,
				5B8004A5281A0BD700A06587 /* divisionEasy.swift in Sources */,
				5B800479281A049700A06587 /* ContentView.swift in Sources */,
				5B800489281A09DA00A06587 /* subjectDifficultyMultiplication.swift in Sources */,
				5B80049F281A0BA900A06587 /* multiplicationEasy.swift in Sources */,
				5B800499281A0B0B00A06587 /* subtractionEasy.swift in Sources */,
				5B800494281A0AA400A06587 /* additionHard.swift in Sources */,
				5B8004A3281A0BCC00A06587 /* multiplicationHard.swift in Sources */,
				5B800492281A0A9400A06587 /* additionMedium.swift in Sources */,
				5B800487281A09B800A06587 /* subjectDifficultySubtraction.swift in Sources */,
				5B80048B281A09FA00A06587 /* subjectDifficultyDivision.swift in Sources */,
				5B8004A9281A0BFA00A06587 /* divisionHard.swift in Sources */,
				5B80049B281A0B7A00A06587 /* subtractionMedium.swift in Sources */,
				5B800477281A049700A06587 /* MathKidzApp.swift in Sources */,
			);
			runOnlyForDeploymentPostprocessing = 0;
		};
/* End PBXSourcesBuildPhase section */

/* Begin XCBuildConfiguration section */
		5B80047F281A049900A06587 /* Debug */ = {
			isa = XCBuildConfiguration;
			buildSettings = {
				ALWAYS_SEARCH_USER_PATHS = NO;
				CLANG_ANALYZER_NONNULL = YES;
				CLANG_ANALYZER_NUMBER_OBJECT_CONVERSION = YES_AGGRESSIVE;
				CLANG_CXX_LANGUAGE_STANDARD = "gnu++17";
				CLANG_CXX_LIBRARY = "libc++";
				CLANG_ENABLE_MODULES = YES;
				CLANG_ENABLE_OBJC_ARC = YES;
				CLANG_ENABLE_OBJC_WEAK = YES;
				CLANG_WARN_BLOCK_CAPTURE_AUTORELEASING = YES;
				CLANG_WARN_BOOL_CONVERSION = YES;
				CLANG_WARN_COMMA = YES;
				CLANG_WARN_CONSTANT_CONVERSION = YES;
				CLANG_WARN_DEPRECATED_OBJC_IMPLEMENTATIONS = YES;
				CLANG_WARN_DIRECT_OBJC_ISA_USAGE = YES_ERROR;
				CLANG_WARN_DOCUMENTATION_COMMENTS = YES;
				CLANG_WARN_EMPTY_BODY = YES;
				CLANG_WARN_ENUM_CONVERSION = YES;
				CLANG_WARN_INFINITE_RECURSION = YES;
				CLANG_WARN_INT_CONVERSION = YES;
				CLANG_WARN_NON_LITERAL_NULL_CONVERSION = YES;
				CLANG_WARN_OBJC_IMPLICIT_RETAIN_SELF = YES;
				CLANG_WARN_OBJC_LITERAL_CONVERSION = YES;
				CLANG_WARN_OBJC_ROOT_CLASS = YES_ERROR;
				CLANG_WARN_QUOTED_INCLUDE_IN_FRAMEWORK_HEADER = YES;
				CLANG_WARN_RANGE_LOOP_ANALYSIS = YES;
				CLANG_WARN_STRICT_PROTOTYPES = YES;
				CLANG_WARN_SUSPICIOUS_MOVE = YES;
				CLANG_WARN_UNGUARDED_AVAILABILITY = YES_AGGRESSIVE;
				CLANG_WARN_UNREACHABLE_CODE = YES;
				CLANG_WARN__DUPLICATE_METHOD_MATCH = YES;
				COPY_PHASE_STRIP = NO;
				DEBUG_INFORMATION_FORMAT = dwarf;
				ENABLE_STRICT_OBJC_MSGSEND = YES;
				ENABLE_TESTABILITY = YES;
				GCC_C_LANGUAGE_STANDARD = gnu11;
				GCC_DYNAMIC_NO_PIC = NO;
				GCC_NO_COMMON_BLOCKS = YES;
				GCC_OPTIMIZATION_LEVEL = 0;
				GCC_PREPROCESSOR_DEFINITIONS = (
					"DEBUG=1",
					"$(inherited)",
				);
				GCC_WARN_64_TO_32_BIT_CONVERSION = YES;
				GCC_WARN_ABOUT_RETURN_TYPE = YES_ERROR;
				GCC_WARN_UNDECLARED_SELECTOR = YES;
				GCC_WARN_UNINITIALIZED_AUTOS = YES_AGGRESSIVE;
				GCC_WARN_UNUSED_FUNCTION = YES;
				GCC_WARN_UNUSED_VARIABLE = YES;
				IPHONEOS_DEPLOYMENT_TARGET = 15.2;
				MTL_ENABLE_DEBUG_INFO = INCLUDE_SOURCE;
				MTL_FAST_MATH = YES;
				ONLY_ACTIVE_ARCH = YES;
				SDKROOT = iphoneos;
				SWIFT_ACTIVE_COMPILATION_CONDITIONS = DEBUG;
				SWIFT_OPTIMIZATION_LEVEL = "-Onone";
			};
			name = Debug;
		};
		5B800480281A049900A06587 /* Release */ = {
			isa = XCBuildConfiguration;
			buildSettings = {
				ALWAYS_SEARCH_USER_PATHS = NO;
				CLANG_ANALYZER_NONNULL = YES;
				CLANG_ANALYZER_NUMBER_OBJECT_CONVERSION = YES_AGGRESSIVE;
				CLANG_CXX_LANGUAGE_STANDARD = "gnu++17";
				CLANG_CXX_LIBRARY = "libc++";
				CLANG_ENABLE_MODULES = YES;
				CLANG_ENABLE_OBJC_ARC = YES;
				CLANG_ENABLE_OBJC_WEAK = YES;
				CLANG_WARN_BLOCK_CAPTURE_AUTORELEASING = YES;
				CLANG_WARN_BOOL_CONVERSION = YES;
				CLANG_WARN_COMMA = YES;
				CLANG_WARN_CONSTANT_CONVERSION = YES;
				CLANG_WARN_DEPRECATED_OBJC_IMPLEMENTATIONS = YES;
				CLANG_WARN_DIRECT_OBJC_ISA_USAGE = YES_ERROR;
				CLANG_WARN_DOCUMENTATION_COMMENTS = YES;
				CLANG_WARN_EMPTY_BODY = YES;
				CLANG_WARN_ENUM_CONVERSION = YES;
				CLANG_WARN_INFINITE_RECURSION = YES;
				CLANG_WARN_INT_CONVERSION = YES;
				CLANG_WARN_NON_LITERAL_NULL_CONVERSION = YES;
				CLANG_WARN_OBJC_IMPLICIT_RETAIN_SELF = YES;
				CLANG_WARN_OBJC_LITERAL_CONVERSION = YES;
				CLANG_WARN_OBJC_ROOT_CLASS = YES_ERROR;
				CLANG_WARN_QUOTED_INCLUDE_IN_FRAMEWORK_HEADER = YES;
				CLANG_WARN_RANGE_LOOP_ANALYSIS = YES;
				CLANG_WARN_STRICT_PROTOTYPES = YES;
				CLANG_WARN_SUSPICIOUS_MOVE = YES;
				CLANG_WARN_UNGUARDED_AVAILABILITY = YES_AGGRESSIVE;
				CLANG_WARN_UNREACHABLE_CODE = YES;
				CLANG_WARN__DUPLICATE_METHOD_MATCH = YES;
				COPY_PHASE_STRIP = NO;
				DEBUG_INFORMATION_FORMAT = "dwarf-with-dsym";
				ENABLE_NS_ASSERTIONS = NO;
				ENABLE_STRICT_OBJC_MSGSEND = YES;
				GCC_C_LANGUAGE_STANDARD = gnu11;
				GCC_NO_COMMON_BLOCKS = YES;
				GCC_WARN_64_TO_32_BIT_CONVERSION = YES;
				GCC_WARN_ABOUT_RETURN_TYPE = YES_ERROR;
				GCC_WARN_UNDECLARED_SELECTOR = YES;
				GCC_WARN_UNINITIALIZED_AUTOS = YES_AGGRESSIVE;
				GCC_WARN_UNUSED_FUNCTION = YES;
				GCC_WARN_UNUSED_VARIABLE = YES;
				IPHONEOS_DEPLOYMENT_TARGET = 15.2;
				MTL_ENABLE_DEBUG_INFO = NO;
				MTL_FAST_MATH = YES;
				SDKROOT = iphoneos;
				SWIFT_COMPILATION_MODE = wholemodule;
				SWIFT_OPTIMIZATION_LEVEL = "-O";
				VALIDATE_PRODUCT = YES;
			};
			name = Release;
		};
		5B800482281A049900A06587 /* Debug */ = {
			isa = XCBuildConfiguration;
			buildSettings = {
				ASSETCATALOG_COMPILER_APPICON_NAME = AppIcon;
				ASSETCATALOG_COMPILER_GLOBAL_ACCENT_COLOR_NAME = AccentColor;
				CODE_SIGN_STYLE = Automatic;
				CURRENT_PROJECT_VERSION = 1;
				DEVELOPMENT_ASSET_PATHS = "\"MathKidz/Preview Content\"";
				DEVELOPMENT_TEAM = GR79AV4FN8;
				ENABLE_PREVIEWS = YES;
				GENERATE_INFOPLIST_FILE = YES;
				INFOPLIST_KEY_UIApplicationSceneManifest_Generation = YES;
				INFOPLIST_KEY_UIApplicationSupportsIndirectInputEvents = YES;
				INFOPLIST_KEY_UILaunchScreen_Generation = YES;
				INFOPLIST_KEY_UISupportedInterfaceOrientations_iPad = "UIInterfaceOrientationPortrait UIInterfaceOrientationPortraitUpsideDown UIInterfaceOrientationLandscapeLeft UIInterfaceOrientationLandscapeRight";
				INFOPLIST_KEY_UISupportedInterfaceOrientations_iPhone = "UIInterfaceOrientationPortrait UIInterfaceOrientationLandscapeLeft UIInterfaceOrientationLandscapeRight";
				LD_RUNPATH_SEARCH_PATHS = (
					"$(inherited)",
					"@executable_path/Frameworks",
				);
				MARKETING_VERSION = 1.0;
				PRODUCT_BUNDLE_IDENTIFIER = "com.Christopher-Stewart.MathKidz";
				PRODUCT_NAME = "$(TARGET_NAME)";
				SWIFT_EMIT_LOC_STRINGS = YES;
				SWIFT_VERSION = 5.0;
				TARGETED_DEVICE_FAMILY = "1,2";
			};
			name = Debug;
		};
		5B800483281A049900A06587 /* Release */ = {
			isa = XCBuildConfiguration;
			buildSettings = {
				ASSETCATALOG_COMPILER_APPICON_NAME = AppIcon;
				ASSETCATALOG_COMPILER_GLOBAL_ACCENT_COLOR_NAME = AccentColor;
				CODE_SIGN_STYLE = Automatic;
				CURRENT_PROJECT_VERSION = 1;
				DEVELOPMENT_ASSET_PATHS = "\"MathKidz/Preview Content\"";
				DEVELOPMENT_TEAM = GR79AV4FN8;
				ENABLE_PREVIEWS = YES;
				GENERATE_INFOPLIST_FILE = YES;
				INFOPLIST_KEY_UIApplicationSceneManifest_Generation = YES;
				INFOPLIST_KEY_UIApplicationSupportsIndirectInputEvents = YES;
				INFOPLIST_KEY_UILaunchScreen_Generation = YES;
				INFOPLIST_KEY_UISupportedInterfaceOrientations_iPad = "UIInterfaceOrientationPortrait UIInterfaceOrientationPortraitUpsideDown UIInterfaceOrientationLandscapeLeft UIInterfaceOrientationLandscapeRight";
				INFOPLIST_KEY_UISupportedInterfaceOrientations_iPhone = "UIInterfaceOrientationPortrait UIInterfaceOrientationLandscapeLeft UIInterfaceOrientationLandscapeRight";
				LD_RUNPATH_SEARCH_PATHS = (
					"$(inherited)",
					"@executable_path/Frameworks",
				);
				MARKETING_VERSION = 1.0;
				PRODUCT_BUNDLE_IDENTIFIER = "com.Christopher-Stewart.MathKidz";
				PRODUCT_NAME = "$(TARGET_NAME)";
				SWIFT_EMIT_LOC_STRINGS = YES;
				SWIFT_VERSION = 5.0;
				TARGETED_DEVICE_FAMILY = "1,2";
			};
			name = Release;
		};
/* End XCBuildConfiguration section */

/* Begin XCConfigurationList section */
		5B80046E281A049700A06587 /* Build configuration list for PBXProject "MathKidz" */ = {
			isa = XCConfigurationList;
			buildConfigurations = (
				5B80047F281A049900A06587 /* Debug */,
				5B800480281A049900A06587 /* Release */,
			);
			defaultConfigurationIsVisible = 0;
			defaultConfigurationName = Release;
		};
		5B800481281A049900A06587 /* Build configuration list for PBXNativeTarget "MathKidz" */ = {
			isa = XCConfigurationList;
			buildConfigurations = (
				5B800482281A049900A06587 /* Debug */,
				5B800483281A049900A06587 /* Release */,
			);
			defaultConfigurationIsVisible = 0;
			defaultConfigurationName = Release;
		};
/* End XCConfigurationList section */
	};
	rootObject = 5B80046B281A049700A06587 /* Project object */;
}
